dependencies:
- name: panoptica
  repository: oci://us-docker.pkg.dev/eticloud/panoptica-registry/panoptica
  version: 1.221.0
- name: apisec-controllers
  repository: oci://us-docker.pkg.dev/eticloud/panoptica-public-registry/apisec
  version: 0.3.8
- name: panoptica-cdr
  repository: oci://registry.outshift.com/panoptica/cdr/helm-charts
  version: 1.0.22
digest: sha256:52ef1d437222bc277547d158213ed82e9c1fc563bfb23ea2fa6d079b923ef412
generated: "2024-04-03T12:05:09.447845+03:00"
