dependencies:
- name: nginx
  repository: oci://registry-1.docker.io/bitnamicharts
  version: 15.14.2
- name: panoptica
  repository: oci://us-docker.pkg.dev/eticloud/panoptica-registry/panoptica
  version: 1.221.0
- name: apisec-controllers
  repository: oci://us-docker.pkg.dev/eticloud/panoptica-public-registry/apisec
  version: 0.3.8
- name: panoptica-cdr
  repository: oci://registry.outshift.com/panoptica/cdr/helm-charts
  version: 1.0.22
digest: sha256:8c689ab895edf7e79a83a2d10096010c7962626338f7db577521f2ed3fbb8197
generated: "2024-04-03T12:26:51.516051+03:00"
